PODS:
  - DynamicBlurView (2.0.2)
  - MMPopLabel (0.1.3)
  - PopupDialog (0.8.0):
    - DynamicBlurView (~> 2.0)

DEPENDENCIES:
  - MMPopLabel
  - PopupDialog (~> 0.8)

SPEC REPOS:
  https://github.com/cocoapods/specs.git:
    - DynamicBlurView
    - MMPopLabel
    - PopupDialog

SPEC CHECKSUMS:
  DynamicBlurView: aa6db4defc6e537eb86fc5e58dd3991666178399
  MMPopLabel: d9909f18cacd5200f005ef3f0790c9490357b57a
  PopupDialog: 11347197b6ac3e0548ac445d40ce68d1d407e9a0

PODFILE CHECKSUM: d5d4e3fdfba5b47bdc8abe52ebded86b82366543

COCOAPODS: 1.5.3
